// !$*UTF8*$!
{
	archiveVersion = 1;
	classes = {
	};
	objectVersion = 46;
	objects = {

/* Begin PBXBuildFile section */
		684524611C2446FA004DDF85 /* AppDelegate.swift in Sources */ = {isa = PBXBuildFile; fileRef = 684524601C2446FA004DDF85 /* AppDelegate.swift */; };
		684524631C2446FA004DDF85 /* ViewController.swift in Sources */ = {isa = PBXBuildFile; fileRef = 684524621C2446FA004DDF85 /* ViewController.swift */; };
		684524661C2446FB004DDF85 /* Main.storyboard in Resources */ = {isa = PBXBuildFile; fileRef = 684524641C2446FB004DDF85 /* Main.storyboard */; };
		684524681C2446FB004DDF85 /* Assets.xcassets in Resources */ = {isa = PBXBuildFile; fileRef = 684524671C2446FB004DDF85 /* Assets.xcassets */; };
		6845246B1C2446FB004DDF85 /* LaunchScreen.storyboard in Resources */ = {isa = PBXBuildFile; fileRef = 684524691C2446FB004DDF85 /* LaunchScreen.storyboard */; };
/* End PBXBuildFile section */

/* Begin PBXFileReference section */
		6845245D1C2446FA004DDF85 /* WeatherConditions.app */ = {isa = PBXFileReference; explicitFileType = wrapper.application; includeInIndex = 0; path = WeatherConditions.app; sourceTree = BUILT_PRODUCTS_DIR; };
		684524601C2446FA004DDF85 /* AppDelegate.swift */ = {isa = PBXFileReference; lastKnownFileType = sourcecode.swift; path = AppDelegate.swift; sourceTree = "<group>"; };
		684524621C2446FA004DDF85 /* ViewController.swift */ = {isa = PBXFileReference; lastKnownFileType = sourcecode.swift; path = ViewController.swift; sourceTree = "<group>"; };
		684524651C2446FB004DDF85 /* Base */ = {isa = PBXFileReference; lastKnownFileType = file.storyboard; name = Base; path = Base.lproj/Main.storyboard; sourceTree = "<group>"; };
		684524671C2446FB004DDF85 /* Assets.xcassets */ = {isa = PBXFileReference; lastKnownFileType = folder.assetcatalog; path = Assets.xcassets; sourceTree = "<group>"; };
		6845246A1C2446FB004DDF85 /* Base */ = {isa = PBXFileReference; lastKnownFileType = file.storyboard; name = Base; path = Base.lproj/LaunchScreen.storyboard; sourceTree = "<group>"; };
		6845246C1C2446FB004DDF85 /* Info.plist */ = {isa = PBXFileReference; lastKnownFileType = text.plist.xml; path = Info.plist; sourceTree = "<group>"; };
/* End PBXFileReference section */

/* Begin PBXFrameworksBuildPhase section */
		6845245A1C2446FA004DDF85 /* Frameworks */ = {
			isa = PBXFrameworksBuildPhase;
			buildActionMask = 2147483647;
			files = (
			);
			runOnlyForDeploymentPostprocessing = 0;
		};
/* End PBXFrameworksBuildPhase section */

/* Begin PBXGroup section */
		684524541C2446FA004DDF85 = {
			isa = PBXGroup;
			children = (
				6845245F1C2446FA004DDF85 /* WeatherConditions */,
				6845245E1C2446FA004DDF85 /* Products */,
			);
			sourceTree = "<group>";
		};
		6845245E1C2446FA004DDF85 /* Products */ = {
			isa = PBXGroup;
			children = (
				6845245D1C2446FA004DDF85 /* WeatherConditions.app */,
			);
			name = Products;
			sourceTree = "<group>";
		};
		6845245F1C2446FA004DDF85 /* WeatherConditions */ = {
			isa = PBXGroup;
			children = (
				684524601C2446FA004DDF85 /* AppDelegate.swift */,
				684524621C2446FA004DDF85 /* ViewController.swift */,
				684524641C2446FB004DDF85 /* Main.storyboard */,
				684524671C2446FB004DDF85 /* Assets.xcassets */,
				684524691C2446FB004DDF85 /* LaunchScreen.storyboard */,
				6845246C1C2446FB004DDF85 /* Info.plist */,
			);
			path = WeatherConditions;
			sourceTree = "<group>";
		};
/* End PBXGroup section */

/* Begin PBXNativeTarget section */
		6845245C1C2446FA004DDF85 /* WeatherConditions */ = {
			isa = PBXNativeTarget;
			buildConfigurationList = 6845246F1C2446FB004DDF85 /* Build configuration list for PBXNativeTarget "WeatherConditions" */;
			buildPhases = (
				684524591C2446FA004DDF85 /* Sources */,
				6845245A1C2446FA004DDF85 /* Frameworks */,
				6845245B1C2446FA004DDF85 /* Resources */,
			);
			buildRules = (
			);
			dependencies = (
			);
			name = WeatherConditions;
			productName = WeatherConditions;
			productReference = 6845245D1C2446FA004DDF85 /* WeatherConditions.app */;
			productType = "com.apple.product-type.application";
		};
/* End PBXNativeTarget section */

/* Begin PBXProject section */
		684524551C2446FA004DDF85 /* Project object */ = {
			isa = PBXProject;
			attributes = {
				LastSwiftUpdateCheck = 0710;
				LastUpgradeCheck = 0710;
				ORGANIZATIONNAME = SoluAppHouse;
				TargetAttributes = {
					6845245C1C2446FA004DDF85 = {
						CreatedOnToolsVersion = 7.1.1;
						DevelopmentTeam = QCNSV5U33C;
					};
				};
			};
			buildConfigurationList = 684524581C2446FA004DDF85 /* Build configuration list for PBXProject "WeatherConditions" */;
			compatibilityVersion = "Xcode 3.2";
			developmentRegion = English;
			hasScannedForEncodings = 0;
			knownRegions = (
				en,
				Base,
			);
			mainGroup = 684524541C2446FA004DDF85;
			productRefGroup = 6845245E1C2446FA004DDF85 /* Products */;
			projectDirPath = "";
			projectRoot = "";
			targets = (
				6845245C1C2446FA004DDF85 /* WeatherConditions */,
			);
		};
/* End PBXProject section */

/* Begin PBXResourcesBuildPhase section */
		6845245B1C2446FA004DDF85 /* Resources */ = {
			isa = PBXResourcesBuildPhase;
			buildActionMask = 2147483647;
			files = (
				6845246B1C2446FB004DDF85 /* LaunchScreen.storyboard in Resources */,
				684524681C2446FB004DDF85 /* Assets.xcassets in Resources */,
				684524661C2446FB004DDF85 /* Main.storyboard in Resources */,
			);
			runOnlyForDeploymentPostprocessing = 0;
		};
/* End PBXResourcesBuildPhase section */

/* Begin PBXSourcesBuildPhase section */
		684524591C2446FA004DDF85 /* Sources */ = {
			isa = PBXSourcesBuildPhase;
			buildActionMask = 2147483647;
			files = (
				684524631C2446FA004DDF85 /* ViewController.swift in Sources */,
				684524611C2446FA004DDF85 /* AppDelegate.swift in Sources */,
			);
			runOnlyForDeploymentPostprocessing = 0;
		};
/* End PBXSourcesBuildPhase section */

/* Begin PBXVariantGroup section */
		684524641C2446FB004DDF85 /* Main.storyboard */ = {
			isa = PBXVariantGroup;
			children = (
				684524651C2446FB004DDF85 /* Base */,
			);
			name = Main.storyboard;
			sourceTree = "<group>";
		};
		684524691C2446FB004DDF85 /* LaunchScreen.storyboard */ = {
			isa = PBXVariantGroup;
			children = (
				6845246A1C2446FB004DDF85 /* Base */,
			);
			name = LaunchScreen.storyboard;
			sourceTree = "<group>";
		};
/* End PBXVariantGroup section */

/* Begin XCBuildConfiguration section */
		6845246D1C2446FB004DDF85 /* Debug */ = {
			isa = XCBuildConfiguration;
			buildSettings = {
				ALWAYS_SEARCH_USER_PATHS = NO;
				CLANG_CXX_LANGUAGE_STANDARD = "gnu++0x";
				CLANG_CXX_LIBRARY = "libc++";
				CLANG_ENABLE_MODULES = YES;
				CLANG_ENABLE_OBJC_ARC = YES;
				CLANG_WARN_BOOL_CONVERSION = YES;
				CLANG_WARN_CONSTANT_CONVERSION = YES;
				CLANG_WARN_DIRECT_OBJC_ISA_USAGE = YES_ERROR;
				CLANG_WARN_EMPTY_BODY = YES;
				CLANG_WARN_ENUM_CONVERSION = YES;
				CLANG_WARN_INT_CONVERSION = YES;
				CLANG_WARN_OBJC_ROOT_CLASS = YES_ERROR;
				CLANG_WARN_UNREACHABLE_CODE = YES;
				CLANG_WARN__DUPLICATE_METHOD_MATCH = YES;
				"CODE_SIGN_IDENTITY[sdk=iphoneos*]" = "iPhone Developer";
				COPY_PHASE_STRIP = NO;
				DEBUG_INFORMATION_FORMAT = dwarf;
				ENABLE_STRICT_OBJC_MSGSEND = YES;
				ENABLE_TESTABILITY = YES;
				GCC_C_LANGUAGE_STANDARD = gnu99;
				GCC_DYNAMIC_NO_PIC = NO;
				GCC_NO_COMMON_BLOCKS = YES;
				GCC_OPTIMIZATION_LEVEL = 0;
				GCC_PREPROCESSOR_DEFINITIONS = (
					"DEBUG=1",
					"$(inherited)",
				);
				GCC_WARN_64_TO_32_BIT_CONVERSION = YES;
				GCC_WARN_ABOUT_RETURN_TYPE = YES_ERROR;
				GCC_WARN_UNDECLARED_SELECTOR = YES;
				GCC_WARN_UNINITIALIZED_AUTOS = YES_AGGRESSIVE;
				GCC_WARN_UNUSED_FUNCTION = YES;
				GCC_WARN_UNUSED_VARIABLE = YES;
				IPHONEOS_DEPLOYMENT_TARGET = 9.1;
				MTL_ENABLE_DEBUG_INFO = YES;
				ONLY_ACTIVE_ARCH = YES;
				SDKROOT = iphoneos;
				SWIFT_OPTIMIZATION_LEVEL = "-Onone";
			};
			name = Debug;
		};
		6845246E1C2446FB004DDF85 /* Release */ = {
			isa = XCBuildConfiguration;
			buildSettings = {
				ALWAYS_SEARCH_USER_PATHS = NO;
				CLANG_CXX_LANGUAGE_STANDARD = "gnu++0x";
				CLANG_CXX_LIBRARY = "libc++";
				CLANG_ENABLE_MODULES = YES;
				CLANG_ENABLE_OBJC_ARC = YES;
				CLANG_WARN_BOOL_CONVERSION = YES;
				CLANG_WARN_CONSTANT_CONVERSION = YES;
				CLANG_WARN_DIRECT_OBJC_ISA_USAGE = YES_ERROR;
				CLANG_WARN_EMPTY_BODY = YES;
				CLANG_WARN_ENUM_CONVERSION = YES;
				CLANG_WARN_INT_CONVERSION = YES;
				CLANG_WARN_OBJC_ROOT_CLASS = YES_ERROR;
				CLANG_WARN_UNREACHABLE_CODE = YES;
				CLANG_WARN__DUPLICATE_METHOD_MATCH = YES;
				"CODE_SIGN_IDENTITY[sdk=iphoneos*]" = "iPhone Developer";
				COPY_PHASE_STRIP = NO;
				DEBUG_INFORMATION_FORMAT = "dwarf-with-dsym";
				ENABLE_NS_ASSERTIONS = NO;
				ENABLE_STRICT_OBJC_MSGSEND = YES;
				GCC_C_LANGUAGE_STANDARD = gnu99;
				GCC_NO_COMMON_BLOCKS = YES;
				GCC_WARN_64_TO_32_BIT_CONVERSION = YES;
				GCC_WARN_ABOUT_RETURN_TYPE = YES_ERROR;
				GCC_WARN_UNDECLARED_SELECTOR = YES;
				GCC_WARN_UNINITIALIZED_AUTOS = YES_AGGRESSIVE;
				GCC_WARN_UNUSED_FUNCTION = YES;
				GCC_WARN_UNUSED_VARIABLE = YES;
				IPHONEOS_DEPLOYMENT_TARGET = 9.1;
				MTL_ENABLE_DEBUG_INFO = NO;
				SDKROOT = iphoneos;
				VALIDATE_PRODUCT = YES;
			};
			name = Release;
		};
		684524701C2446FB004DDF85 /* Debug */ = {
			isa = XCBuildConfiguration;
			buildSettings = {
				ASSETCATALOG_COMPILER_APPICON_NAME = AppIcon;
				INFOPLIST_FILE = WeatherConditions/Info.plist;
				LD_RUNPATH_SEARCH_PATHS = "$(inherited) @executable_path/Frameworks";
				PRODUCT_BUNDLE_IDENTIFIER = com.soluapphouse.WeatherConditions;
				PRODUCT_NAME = "$(TARGET_NAME)";
			};
			name = Debug;
		};
		684524711C2446FB004DDF85 /* Release */ = {
			isa = XCBuildConfiguration;
			buildSettings = {
				ASSETCATALOG_COMPILER_APPICON_NAME = AppIcon;
				INFOPLIST_FILE = WeatherConditions/Info.plist;
				LD_RUNPATH_SEARCH_PATHS = "$(inherited) @executable_path/Frameworks";
				PRODUCT_BUNDLE_IDENTIFIER = com.soluapphouse.WeatherConditions;
				PRODUCT_NAME = "$(TARGET_NAME)";
			};
			name = Release;
		};
/* End XCBuildConfiguration section */

/* Begin XCConfigurationList section */
		684524581C2446FA004DDF85 /* Build configuration list for PBXProject "WeatherConditions" */ = {
			isa = XCConfigurationList;
			buildConfigurations = (
				6845246D1C2446FB004DDF85 /* Debug */,
				6845246E1C2446FB004DDF85 /* Release */,
			);
			defaultConfigurationIsVisible = 0;
			defaultConfigurationName = Release;
		};
		6845246F1C2446FB004DDF85 /* Build configuration list for PBXNativeTarget "WeatherConditions" */ = {
			isa = XCConfigurationList;
			buildConfigurations = (
				684524701C2446FB004DDF85 /* Debug */,
				684524711C2446FB004DDF85 /* Release */,
			);
			defaultConfigurationIsVisible = 0;
		};
/* End XCConfigurationList section */
	};
	rootObject = 684524551C2446FA004DDF85 /* Project object */;
}
